{
  "name": "r179",
  "lockfileVersion": 3,
  "requires": true,
  "packages": {
    "": {
      "dependencies": {
        "three": "^0.179.0"
      }
    },
    "node_modules/three": {
      "version": "0.179.0",
      "resolved": "https://registry.npmjs.org/three/-/three-0.179.0.tgz",
      "integrity": "sha512-V04E7nW9QS+ZDugmpu50x7cLT69th15elaXJPDo79CZs3q/0V8zHf1d3vrm9q2vQ/jef1fXdg8FvaMq2gJvzkw==",
      "license": "MIT"
    }
  }
}
